// !$*UTF8*$!
{
	archiveVersion = 1;
	classes = {
	};
	objectVersion = 50;
	objects = {

/* Begin PBXBuildFile section */
		2E9E80BC05B003B6C02EFD3F /* Pods_Project_Meteo.framework in Frameworks */ = {isa = PBXBuildFile; fileRef = 78341E9AAF3844458A642B75 /* Pods_Project_Meteo.framework */; };
		59B9726C6506E880B9685D07 /* Pods_Project_Meteo_Project_MeteoUITests.framework in Frameworks */ = {isa = PBXBuildFile; fileRef = A91A98233FD9AE5ACEB5DE71 /* Pods_Project_Meteo_Project_MeteoUITests.framework */; };
		940A8112242A526800BA61F4 /* collectionViewCell.swift in Sources */ = {isa = PBXBuildFile; fileRef = 940A8111242A526800BA61F4 /* collectionViewCell.swift */; };
		940A8114242A53B600BA61F4 /* collectionViewinTableView.swift in Sources */ = {isa = PBXBuildFile; fileRef = 940A8113242A53B600BA61F4 /* collectionViewinTableView.swift */; };
		942ADD0F242E44A300823F10 /* CopyEudinyTableViewController.swift in Sources */ = {isa = PBXBuildFile; fileRef = 942ADD0E242E44A300823F10 /* CopyEudinyTableViewController.swift */; };
		942ADD142434C7BC00823F10 /* CustomCellTableViewCell.swift in Sources */ = {isa = PBXBuildFile; fileRef = 942ADD122434C7BC00823F10 /* CustomCellTableViewCell.swift */; };
		942ADD152434C7BC00823F10 /* CustomCellTableViewCell.xib in Resources */ = {isa = PBXBuildFile; fileRef = 942ADD132434C7BC00823F10 /* CustomCellTableViewCell.xib */; };
		942ADD172434CC6500823F10 /* DesignableUIImageView.swift in Sources */ = {isa = PBXBuildFile; fileRef = 942ADD162434CC6500823F10 /* DesignableUIImageView.swift */; };
		944DF333242263B700583D0B /* SignIn.storyboard in Resources */ = {isa = PBXBuildFile; fileRef = 944DF332242263B700583D0B /* SignIn.storyboard */; };
		944DF33A242269E900583D0B /* googleLogo@2x.png in Resources */ = {isa = PBXBuildFile; fileRef = 944DF336242269E900583D0B /* googleLogo@2x.png */; };
		944DF33B242269E900583D0B /* facebookLogo@2x.png in Resources */ = {isa = PBXBuildFile; fileRef = 944DF337242269E900583D0B /* facebookLogo@2x.png */; };
		944DF33E24226D2F00583D0B /* googleLogo@3x.png in Resources */ = {isa = PBXBuildFile; fileRef = 944DF33C24226D2E00583D0B /* googleLogo@3x.png */; };
		944DF33F24226D2F00583D0B /* facebookLogo@3x.png in Resources */ = {isa = PBXBuildFile; fileRef = 944DF33D24226D2E00583D0B /* facebookLogo@3x.png */; };
		944DF38A2423A31B00583D0B /* DesignableTabBar.swift in Sources */ = {isa = PBXBuildFile; fileRef = 944DF3892423A31B00583D0B /* DesignableTabBar.swift */; };
		944DF38C2424EB4900583D0B /* DesignableNavigationBar.swift in Sources */ = {isa = PBXBuildFile; fileRef = 944DF38B2424EB4900583D0B /* DesignableNavigationBar.swift */; };
		944DF38E242726B600583D0B /* DesignableSearchBar.swift in Sources */ = {isa = PBXBuildFile; fileRef = 944DF38D242726B600583D0B /* DesignableSearchBar.swift */; };
		944DF3D124278A2800583D0B /* DesignableTableView.swift in Sources */ = {isa = PBXBuildFile; fileRef = 944DF3D024278A2800583D0B /* DesignableTableView.swift */; };
		944DF3D32427A75000583D0B /* DesignableTableViewCell.swift in Sources */ = {isa = PBXBuildFile; fileRef = 944DF3D22427A75000583D0B /* DesignableTableViewCell.swift */; };
		944DF3D92429002200583D0B /* scrollViewCell.swift in Sources */ = {isa = PBXBuildFile; fileRef = 944DF3D82429002200583D0B /* scrollViewCell.swift */; };
		944DF3DB2429016700583D0B /* horizontalCell.swift in Sources */ = {isa = PBXBuildFile; fileRef = 944DF3DA2429016700583D0B /* horizontalCell.swift */; };
		944DF3DD2429021700583D0B /* ShoppingViewController.swift in Sources */ = {isa = PBXBuildFile; fileRef = 944DF3DC2429021700583D0B /* ShoppingViewController.swift */; };
		94C7B82C241BCCDF0005182F /* AppDelegate.swift in Sources */ = {isa = PBXBuildFile; fileRef = 94C7B82B241BCCDF0005182F /* AppDelegate.swift */; };
		94C7B830241BCCDF0005182F /* LoginViewController.swift in Sources */ = {isa = PBXBuildFile; fileRef = 94C7B82F241BCCDF0005182F /* LoginViewController.swift */; };
		94C7B833241BCCDF0005182F /* Main.storyboard in Resources */ = {isa = PBXBuildFile; fileRef = 94C7B831241BCCDF0005182F /* Main.storyboard */; };
		94C7B836241BCCDF0005182F /* Project_Meteo.xcdatamodeld in Sources */ = {isa = PBXBuildFile; fileRef = 94C7B834241BCCDF0005182F /* Project_Meteo.xcdatamodeld */; };
		94C7B838241BCCE10005182F /* Assets.xcassets in Resources */ = {isa = PBXBuildFile; fileRef = 94C7B837241BCCE10005182F /* Assets.xcassets */; };
		94C7B83B241BCCE10005182F /* LaunchScreen.storyboard in Resources */ = {isa = PBXBuildFile; fileRef = 94C7B839241BCCE10005182F /* LaunchScreen.storyboard */; };
		94C7B846241BCCE10005182F /* Project_MeteoTests.swift in Sources */ = {isa = PBXBuildFile; fileRef = 94C7B845241BCCE10005182F /* Project_MeteoTests.swift */; };
		94C7B851241BCCE10005182F /* Project_MeteoUITests.swift in Sources */ = {isa = PBXBuildFile; fileRef = 94C7B850241BCCE10005182F /* Project_MeteoUITests.swift */; };
		94C7B85F241E6B2D0005182F /* AfterLaunchScreen.storyboard in Resources */ = {isa = PBXBuildFile; fileRef = 94C7B85E241E6B2D0005182F /* AfterLaunchScreen.storyboard */; };
		94C7B861241E6B4C0005182F /* Login.storyboard in Resources */ = {isa = PBXBuildFile; fileRef = 94C7B860241E6B4C0005182F /* Login.storyboard */; };
		94C7B864241E72AC0005182F /* DesignableUITextField.swift in Sources */ = {isa = PBXBuildFile; fileRef = 94C7B863241E72AC0005182F /* DesignableUITextField.swift */; };
		94C7B8662420EC1A0005182F /* DesignableUIButton.swift in Sources */ = {isa = PBXBuildFile; fileRef = 94C7B8652420EC1A0005182F /* DesignableUIButton.swift */; };
		94C7B86A2420F80C0005182F /* googleLogo.png in Resources */ = {isa = PBXBuildFile; fileRef = 94C7B8682420F80C0005182F /* googleLogo.png */; };
		94C7B86B2420F80C0005182F /* facebookLogo.png in Resources */ = {isa = PBXBuildFile; fileRef = 94C7B8692420F80C0005182F /* facebookLogo.png */; };
		94C7B8712420FBFD0005182F /* DesignableUILabel.swift in Sources */ = {isa = PBXBuildFile; fileRef = 94C7B8702420FBFD0005182F /* DesignableUILabel.swift */; };
		9944509C2441D164C36BAAE0 /* Pods_Project_MeteoTests.framework in Frameworks */ = {isa = PBXBuildFile; fileRef = 71433EAE2C77B1084B7BA2CC /* Pods_Project_MeteoTests.framework */; };
/* End PBXBuildFile section */

/* Begin PBXContainerItemProxy section */
		94C7B842241BCCE10005182F /* PBXContainerItemProxy */ = {
			isa = PBXContainerItemProxy;
			containerPortal = 94C7B820241BCCDF0005182F /* Project object */;
			proxyType = 1;
			remoteGlobalIDString = 94C7B827241BCCDF0005182F;
			remoteInfo = Project_Meteo;
		};
		94C7B84D241BCCE10005182F /* PBXContainerItemProxy */ = {
			isa = PBXContainerItemProxy;
			containerPortal = 94C7B820241BCCDF0005182F /* Project object */;
			proxyType = 1;
			remoteGlobalIDString = 94C7B827241BCCDF0005182F;
			remoteInfo = Project_Meteo;
		};
/* End PBXContainerItemProxy section */

/* Begin PBXFileReference section */
		3D56FA88EA55D79415A56F58 /* Pods-Project_Meteo-Project_MeteoUITests.debug.xcconfig */ = {isa = PBXFileReference; includeInIndex = 1; lastKnownFileType = text.xcconfig; name = "Pods-Project_Meteo-Project_MeteoUITests.debug.xcconfig"; path = "Target Support Files/Pods-Project_Meteo-Project_MeteoUITests/Pods-Project_Meteo-Project_MeteoUITests.debug.xcconfig"; sourceTree = "<group>"; };
		504E09BC648278EB3216F24C /* Pods-Project_MeteoTests.debug.xcconfig */ = {isa = PBXFileReference; includeInIndex = 1; lastKnownFileType = text.xcconfig; name = "Pods-Project_MeteoTests.debug.xcconfig"; path = "Target Support Files/Pods-Project_MeteoTests/Pods-Project_MeteoTests.debug.xcconfig"; sourceTree = "<group>"; };
		61E6C514F6A8B1567C20837E /* Pods-Project_Meteo.debug.xcconfig */ = {isa = PBXFileReference; includeInIndex = 1; lastKnownFileType = text.xcconfig; name = "Pods-Project_Meteo.debug.xcconfig"; path = "Target Support Files/Pods-Project_Meteo/Pods-Project_Meteo.debug.xcconfig"; sourceTree = "<group>"; };
		7022FF622EF1CF7ABFE5E96D /* Pods-Project_Meteo-Project_MeteoUITests.release.xcconfig */ = {isa = PBXFileReference; includeInIndex = 1; lastKnownFileType = text.xcconfig; name = "Pods-Project_Meteo-Project_MeteoUITests.release.xcconfig"; path = "Target Support Files/Pods-Project_Meteo-Project_MeteoUITests/Pods-Project_Meteo-Project_MeteoUITests.release.xcconfig"; sourceTree = "<group>"; };
		71433EAE2C77B1084B7BA2CC /* Pods_Project_MeteoTests.framework */ = {isa = PBXFileReference; explicitFileType = wrapper.framework; includeInIndex = 0; path = Pods_Project_MeteoTests.framework; sourceTree = BUILT_PRODUCTS_DIR; };
		76FC56F920743BABE2CE9F85 /* Pods-Project_MeteoTests.release.xcconfig */ = {isa = PBXFileReference; includeInIndex = 1; lastKnownFileType = text.xcconfig; name = "Pods-Project_MeteoTests.release.xcconfig"; path = "Target Support Files/Pods-Project_MeteoTests/Pods-Project_MeteoTests.release.xcconfig"; sourceTree = "<group>"; };
		78341E9AAF3844458A642B75 /* Pods_Project_Meteo.framework */ = {isa = PBXFileReference; explicitFileType = wrapper.framework; includeInIndex = 0; path = Pods_Project_Meteo.framework; sourceTree = BUILT_PRODUCTS_DIR; };
		940A8111242A526800BA61F4 /* collectionViewCell.swift */ = {isa = PBXFileReference; lastKnownFileType = sourcecode.swift; path = collectionViewCell.swift; sourceTree = "<group>"; };
		940A8113242A53B600BA61F4 /* collectionViewinTableView.swift */ = {isa = PBXFileReference; lastKnownFileType = sourcecode.swift; path = collectionViewinTableView.swift; sourceTree = "<group>"; };
		942ADD0E242E44A300823F10 /* CopyEudinyTableViewController.swift */ = {isa = PBXFileReference; lastKnownFileType = sourcecode.swift; path = CopyEudinyTableViewController.swift; sourceTree = "<group>"; };
		942ADD122434C7BC00823F10 /* CustomCellTableViewCell.swift */ = {isa = PBXFileReference; lastKnownFileType = sourcecode.swift; path = CustomCellTableViewCell.swift; sourceTree = "<group>"; };
		942ADD132434C7BC00823F10 /* CustomCellTableViewCell.xib */ = {isa = PBXFileReference; lastKnownFileType = file.xib; path = CustomCellTableViewCell.xib; sourceTree = "<group>"; };
		942ADD162434CC6500823F10 /* DesignableUIImageView.swift */ = {isa = PBXFileReference; lastKnownFileType = sourcecode.swift; path = DesignableUIImageView.swift; sourceTree = "<group>"; };
		944DF332242263B700583D0B /* SignIn.storyboard */ = {isa = PBXFileReference; lastKnownFileType = file.storyboard; path = SignIn.storyboard; sourceTree = "<group>"; };
		944DF336242269E900583D0B /* googleLogo@2x.png */ = {isa = PBXFileReference; lastKnownFileType = image.png; path = "googleLogo@2x.png"; sourceTree = "<group>"; };
		944DF337242269E900583D0B /* facebookLogo@2x.png */ = {isa = PBXFileReference; lastKnownFileType = image.png; path = "facebookLogo@2x.png"; sourceTree = "<group>"; };
		944DF33C24226D2E00583D0B /* googleLogo@3x.png */ = {isa = PBXFileReference; lastKnownFileType = image.png; path = "googleLogo@3x.png"; sourceTree = "<group>"; };
		944DF33D24226D2E00583D0B /* facebookLogo@3x.png */ = {isa = PBXFileReference; lastKnownFileType = image.png; path = "facebookLogo@3x.png"; sourceTree = "<group>"; };
		944DF3892423A31B00583D0B /* DesignableTabBar.swift */ = {isa = PBXFileReference; lastKnownFileType = sourcecode.swift; path = DesignableTabBar.swift; sourceTree = "<group>"; };
		944DF38B2424EB4900583D0B /* DesignableNavigationBar.swift */ = {isa = PBXFileReference; lastKnownFileType = sourcecode.swift; path = DesignableNavigationBar.swift; sourceTree = "<group>"; };
		944DF38D242726B600583D0B /* DesignableSearchBar.swift */ = {isa = PBXFileReference; lastKnownFileType = sourcecode.swift; path = DesignableSearchBar.swift; sourceTree = "<group>"; };
		944DF3D024278A2800583D0B /* DesignableTableView.swift */ = {isa = PBXFileReference; lastKnownFileType = sourcecode.swift; path = DesignableTableView.swift; sourceTree = "<group>"; };
		944DF3D22427A75000583D0B /* DesignableTableViewCell.swift */ = {isa = PBXFileReference; lastKnownFileType = sourcecode.swift; path = DesignableTableViewCell.swift; sourceTree = "<group>"; };
		944DF3D82429002200583D0B /* scrollViewCell.swift */ = {isa = PBXFileReference; lastKnownFileType = sourcecode.swift; path = scrollViewCell.swift; sourceTree = "<group>"; };
		944DF3DA2429016700583D0B /* horizontalCell.swift */ = {isa = PBXFileReference; lastKnownFileType = sourcecode.swift; path = horizontalCell.swift; sourceTree = "<group>"; };
		944DF3DC2429021700583D0B /* ShoppingViewController.swift */ = {isa = PBXFileReference; lastKnownFileType = sourcecode.swift; path = ShoppingViewController.swift; sourceTree = "<group>"; };
		94C7B828241BCCDF0005182F /* Project_Meteo.app */ = {isa = PBXFileReference; explicitFileType = wrapper.application; includeInIndex = 0; path = Project_Meteo.app; sourceTree = BUILT_PRODUCTS_DIR; };
		94C7B82B241BCCDF0005182F /* AppDelegate.swift */ = {isa = PBXFileReference; lastKnownFileType = sourcecode.swift; path = AppDelegate.swift; sourceTree = "<group>"; };
		94C7B82F241BCCDF0005182F /* LoginViewController.swift */ = {isa = PBXFileReference; lastKnownFileType = sourcecode.swift; path = LoginViewController.swift; sourceTree = "<group>"; };
		94C7B832241BCCDF0005182F /* Base */ = {isa = PBXFileReference; lastKnownFileType = file.storyboard; name = Base; path = Base.lproj/Main.storyboard; sourceTree = "<group>"; };
		94C7B835241BCCDF0005182F /* Project_Meteo.xcdatamodel */ = {isa = PBXFileReference; lastKnownFileType = wrapper.xcdatamodel; path = Project_Meteo.xcdatamodel; sourceTree = "<group>"; };
		94C7B837241BCCE10005182F /* Assets.xcassets */ = {isa = PBXFileReference; lastKnownFileType = folder.assetcatalog; path = Assets.xcassets; sourceTree = "<group>"; };
		94C7B83A241BCCE10005182F /* Base */ = {isa = PBXFileReference; lastKnownFileType = file.storyboard; name = Base; path = Base.lproj/LaunchScreen.storyboard; sourceTree = "<group>"; };
		94C7B83C241BCCE10005182F /* Info.plist */ = {isa = PBXFileReference; lastKnownFileType = text.plist.xml; path = Info.plist; sourceTree = "<group>"; };
		94C7B841241BCCE10005182F /* Project_MeteoTests.xctest */ = {isa = PBXFileReference; explicitFileType = wrapper.cfbundle; includeInIndex = 0; path = Project_MeteoTests.xctest; sourceTree = BUILT_PRODUCTS_DIR; };
		94C7B845241BCCE10005182F /* Project_MeteoTests.swift */ = {isa = PBXFileReference; lastKnownFileType = sourcecode.swift; path = Project_MeteoTests.swift; sourceTree = "<group>"; };
		94C7B847241BCCE10005182F /* Info.plist */ = {isa = PBXFileReference; lastKnownFileType = text.plist.xml; path = Info.plist; sourceTree = "<group>"; };
		94C7B84C241BCCE10005182F /* Project_MeteoUITests.xctest */ = {isa = PBXFileReference; explicitFileType = wrapper.cfbundle; includeInIndex = 0; path = Project_MeteoUITests.xctest; sourceTree = BUILT_PRODUCTS_DIR; };
		94C7B850241BCCE10005182F /* Project_MeteoUITests.swift */ = {isa = PBXFileReference; lastKnownFileType = sourcecode.swift; path = Project_MeteoUITests.swift; sourceTree = "<group>"; };
		94C7B852241BCCE10005182F /* Info.plist */ = {isa = PBXFileReference; lastKnownFileType = text.plist.xml; path = Info.plist; sourceTree = "<group>"; };
		94C7B85E241E6B2D0005182F /* AfterLaunchScreen.storyboard */ = {isa = PBXFileReference; lastKnownFileType = file.storyboard; path = AfterLaunchScreen.storyboard; sourceTree = "<group>"; };
		94C7B860241E6B4C0005182F /* Login.storyboard */ = {isa = PBXFileReference; lastKnownFileType = file.storyboard; path = Login.storyboard; sourceTree = "<group>"; };
		94C7B863241E72AC0005182F /* DesignableUITextField.swift */ = {isa = PBXFileReference; lastKnownFileType = sourcecode.swift; path = DesignableUITextField.swift; sourceTree = "<group>"; };
		94C7B8652420EC1A0005182F /* DesignableUIButton.swift */ = {isa = PBXFileReference; lastKnownFileType = sourcecode.swift; path = DesignableUIButton.swift; sourceTree = "<group>"; };
		94C7B8682420F80C0005182F /* googleLogo.png */ = {isa = PBXFileReference; lastKnownFileType = image.png; path = googleLogo.png; sourceTree = "<group>"; };
		94C7B8692420F80C0005182F /* facebookLogo.png */ = {isa = PBXFileReference; lastKnownFileType = image.png; path = facebookLogo.png; sourceTree = "<group>"; };
		94C7B8702420FBFD0005182F /* DesignableUILabel.swift */ = {isa = PBXFileReference; lastKnownFileType = sourcecode.swift; path = DesignableUILabel.swift; sourceTree = "<group>"; };
		A91A98233FD9AE5ACEB5DE71 /* Pods_Project_Meteo_Project_MeteoUITests.framework */ = {isa = PBXFileReference; explicitFileType = wrapper.framework; includeInIndex = 0; path = Pods_Project_Meteo_Project_MeteoUITests.framework; sourceTree = BUILT_PRODUCTS_DIR; };
		C3E83E841B257BD23C0224BC /* Pods-Project_Meteo.release.xcconfig */ = {isa = PBXFileReference; includeInIndex = 1; lastKnownFileType = text.xcconfig; name = "Pods-Project_Meteo.release.xcconfig"; path = "Target Support Files/Pods-Project_Meteo/Pods-Project_Meteo.release.xcconfig"; sourceTree = "<group>"; };
/* End PBXFileReference section */

/* Begin PBXFrameworksBuildPhase section */
		94C7B825241BCCDF0005182F /* Frameworks */ = {
			isa = PBXFrameworksBuildPhase;
			buildActionMask = 2147483647;
			files = (
				2E9E80BC05B003B6C02EFD3F /* Pods_Project_Meteo.framework in Frameworks */,
			);
			runOnlyForDeploymentPostprocessing = 0;
		};
		94C7B83E241BCCE10005182F /* Frameworks */ = {
			isa = PBXFrameworksBuildPhase;
			buildActionMask = 2147483647;
			files = (
				9944509C2441D164C36BAAE0 /* Pods_Project_MeteoTests.framework in Frameworks */,
			);
			runOnlyForDeploymentPostprocessing = 0;
		};
		94C7B849241BCCE10005182F /* Frameworks */ = {
			isa = PBXFrameworksBuildPhase;
			buildActionMask = 2147483647;
			files = (
				59B9726C6506E880B9685D07 /* Pods_Project_Meteo_Project_MeteoUITests.framework in Frameworks */,
			);
			runOnlyForDeploymentPostprocessing = 0;
		};
/* End PBXFrameworksBuildPhase section */

/* Begin PBXGroup section */
		1C5A1BDCC0EC0C4809114596 /* Frameworks */ = {
			isa = PBXGroup;
			children = (
				78341E9AAF3844458A642B75 /* Pods_Project_Meteo.framework */,
				A91A98233FD9AE5ACEB5DE71 /* Pods_Project_Meteo_Project_MeteoUITests.framework */,
				71433EAE2C77B1084B7BA2CC /* Pods_Project_MeteoTests.framework */,
			);
			name = Frameworks;
			sourceTree = "<group>";
		};
		940A8115242A693500BA61F4 /* HomeTableViewCell */ = {
			isa = PBXGroup;
			children = (
				944DF3D82429002200583D0B /* scrollViewCell.swift */,
				944DF3DA2429016700583D0B /* horizontalCell.swift */,
				940A8111242A526800BA61F4 /* collectionViewCell.swift */,
				940A8113242A53B600BA61F4 /* collectionViewinTableView.swift */,
			);
			path = HomeTableViewCell;
			sourceTree = "<group>";
		};
		94C7B81F241BCCDF0005182F = {
			isa = PBXGroup;
			children = (
				94C7B82A241BCCDF0005182F /* Project_Meteo */,
				94C7B844241BCCE10005182F /* Project_MeteoTests */,
				94C7B84F241BCCE10005182F /* Project_MeteoUITests */,
				94C7B829241BCCDF0005182F /* Products */,
				A44501312E914B57FFDBCA4B /* Pods */,
				1C5A1BDCC0EC0C4809114596 /* Frameworks */,
			);
			sourceTree = "<group>";
		};
		94C7B829241BCCDF0005182F /* Products */ = {
			isa = PBXGroup;
			children = (
				94C7B828241BCCDF0005182F /* Project_Meteo.app */,
				94C7B841241BCCE10005182F /* Project_MeteoTests.xctest */,
				94C7B84C241BCCE10005182F /* Project_MeteoUITests.xctest */,
			);
			name = Products;
			sourceTree = "<group>";
		};
		94C7B82A241BCCDF0005182F /* Project_Meteo */ = {
			isa = PBXGroup;
			children = (
				940A8115242A693500BA61F4 /* HomeTableViewCell */,
				94C7B862241E72990005182F /* Utils */,
				94C7B82B241BCCDF0005182F /* AppDelegate.swift */,
				94C7B82F241BCCDF0005182F /* LoginViewController.swift */,
				94C7B831241BCCDF0005182F /* Main.storyboard */,
				94C7B837241BCCE10005182F /* Assets.xcassets */,
				94C7B839241BCCE10005182F /* LaunchScreen.storyboard */,
				94C7B83C241BCCE10005182F /* Info.plist */,
				94C7B834241BCCDF0005182F /* Project_Meteo.xcdatamodeld */,
				94C7B85E241E6B2D0005182F /* AfterLaunchScreen.storyboard */,
				94C7B860241E6B4C0005182F /* Login.storyboard */,
				944DF332242263B700583D0B /* SignIn.storyboard */,
				944DF3DC2429021700583D0B /* ShoppingViewController.swift */,
				942ADD0E242E44A300823F10 /* CopyEudinyTableViewController.swift */,
				942ADD122434C7BC00823F10 /* CustomCellTableViewCell.swift */,
				942ADD132434C7BC00823F10 /* CustomCellTableViewCell.xib */,
			);
			path = Project_Meteo;
			sourceTree = "<group>";
		};
		94C7B844241BCCE10005182F /* Project_MeteoTests */ = {
			isa = PBXGroup;
			children = (
				94C7B845241BCCE10005182F /* Project_MeteoTests.swift */,
				94C7B847241BCCE10005182F /* Info.plist */,
			);
			path = Project_MeteoTests;
			sourceTree = "<group>";
		};
		94C7B84F241BCCE10005182F /* Project_MeteoUITests */ = {
			isa = PBXGroup;
			children = (
				94C7B850241BCCE10005182F /* Project_MeteoUITests.swift */,
				94C7B852241BCCE10005182F /* Info.plist */,
			);
			path = Project_MeteoUITests;
			sourceTree = "<group>";
		};
		94C7B862241E72990005182F /* Utils */ = {
			isa = PBXGroup;
			children = (
				94C7B8672420F7FC0005182F /* Image */,
				94C7B863241E72AC0005182F /* DesignableUITextField.swift */,
				94C7B8652420EC1A0005182F /* DesignableUIButton.swift */,
				94C7B8702420FBFD0005182F /* DesignableUILabel.swift */,
				944DF3892423A31B00583D0B /* DesignableTabBar.swift */,
				944DF38B2424EB4900583D0B /* DesignableNavigationBar.swift */,
				944DF38D242726B600583D0B /* DesignableSearchBar.swift */,
				944DF3D024278A2800583D0B /* DesignableTableView.swift */,
				944DF3D22427A75000583D0B /* DesignableTableViewCell.swift */,
				942ADD162434CC6500823F10 /* DesignableUIImageView.swift */,
			);
			path = Utils;
			sourceTree = "<group>";
		};
		94C7B8672420F7FC0005182F /* Image */ = {
			isa = PBXGroup;
			children = (
				944DF33C24226D2E00583D0B /* googleLogo@3x.png */,
				944DF33D24226D2E00583D0B /* facebookLogo@3x.png */,
				944DF336242269E900583D0B /* googleLogo@2x.png */,
				944DF337242269E900583D0B /* facebookLogo@2x.png */,
				94C7B8682420F80C0005182F /* googleLogo.png */,
				94C7B8692420F80C0005182F /* facebookLogo.png */,
			);
			path = Image;
			sourceTree = "<group>";
		};
		A44501312E914B57FFDBCA4B /* Pods */ = {
			isa = PBXGroup;
			children = (
				61E6C514F6A8B1567C20837E /* Pods-Project_Meteo.debug.xcconfig */,
				C3E83E841B257BD23C0224BC /* Pods-Project_Meteo.release.xcconfig */,
				3D56FA88EA55D79415A56F58 /* Pods-Project_Meteo-Project_MeteoUITests.debug.xcconfig */,
				7022FF622EF1CF7ABFE5E96D /* Pods-Project_Meteo-Project_MeteoUITests.release.xcconfig */,
				504E09BC648278EB3216F24C /* Pods-Project_MeteoTests.debug.xcconfig */,
				76FC56F920743BABE2CE9F85 /* Pods-Project_MeteoTests.release.xcconfig */,
			);
			path = Pods;
			sourceTree = "<group>";
		};
/* End PBXGroup section */

/* Begin PBXNativeTarget section */
		94C7B827241BCCDF0005182F /* Project_Meteo */ = {
			isa = PBXNativeTarget;
			buildConfigurationList = 94C7B855241BCCE10005182F /* Build configuration list for PBXNativeTarget "Project_Meteo" */;
			buildPhases = (
				1128A199AD340C717B052E41 /* [CP] Check Pods Manifest.lock */,
				94C7B824241BCCDF0005182F /* Sources */,
				94C7B825241BCCDF0005182F /* Frameworks */,
				94C7B826241BCCDF0005182F /* Resources */,
			);
			buildRules = (
			);
			dependencies = (
			);
			name = Project_Meteo;
			productName = Project_Meteo;
			productReference = 94C7B828241BCCDF0005182F /* Project_Meteo.app */;
			productType = "com.apple.product-type.application";
		};
		94C7B840241BCCE10005182F /* Project_MeteoTests */ = {
			isa = PBXNativeTarget;
			buildConfigurationList = 94C7B858241BCCE10005182F /* Build configuration list for PBXNativeTarget "Project_MeteoTests" */;
			buildPhases = (
				952AEA86A36490BC37DB1B4F /* [CP] Check Pods Manifest.lock */,
				94C7B83D241BCCE10005182F /* Sources */,
				94C7B83E241BCCE10005182F /* Frameworks */,
				94C7B83F241BCCE10005182F /* Resources */,
			);
			buildRules = (
			);
			dependencies = (
				94C7B843241BCCE10005182F /* PBXTargetDependency */,
			);
			name = Project_MeteoTests;
			productName = Project_MeteoTests;
			productReference = 94C7B841241BCCE10005182F /* Project_MeteoTests.xctest */;
			productType = "com.apple.product-type.bundle.unit-test";
		};
		94C7B84B241BCCE10005182F /* Project_MeteoUITests */ = {
			isa = PBXNativeTarget;
			buildConfigurationList = 94C7B85B241BCCE10005182F /* Build configuration list for PBXNativeTarget "Project_MeteoUITests" */;
			buildPhases = (
				87AC2FFB736236183D821507 /* [CP] Check Pods Manifest.lock */,
				94C7B848241BCCE10005182F /* Sources */,
				94C7B849241BCCE10005182F /* Frameworks */,
				94C7B84A241BCCE10005182F /* Resources */,
			);
			buildRules = (
			);
			dependencies = (
				94C7B84E241BCCE10005182F /* PBXTargetDependency */,
			);
			name = Project_MeteoUITests;
			productName = Project_MeteoUITests;
			productReference = 94C7B84C241BCCE10005182F /* Project_MeteoUITests.xctest */;
			productType = "com.apple.product-type.bundle.ui-testing";
		};
/* End PBXNativeTarget section */

/* Begin PBXProject section */
		94C7B820241BCCDF0005182F /* Project object */ = {
			isa = PBXProject;
			attributes = {
				LastSwiftUpdateCheck = 1130;
				LastUpgradeCheck = 1130;
				ORGANIZATIONNAME = jinhyuk;
				TargetAttributes = {
					94C7B827241BCCDF0005182F = {
						CreatedOnToolsVersion = 11.3.1;
					};
					94C7B840241BCCE10005182F = {
						CreatedOnToolsVersion = 11.3.1;
						TestTargetID = 94C7B827241BCCDF0005182F;
					};
					94C7B84B241BCCE10005182F = {
						CreatedOnToolsVersion = 11.3.1;
						TestTargetID = 94C7B827241BCCDF0005182F;
					};
				};
			};
			buildConfigurationList = 94C7B823241BCCDF0005182F /* Build configuration list for PBXProject "Project_Meteo" */;
			compatibilityVersion = "Xcode 9.3";
			developmentRegion = en;
			hasScannedForEncodings = 0;
			knownRegions = (
				en,
				Base,
			);
			mainGroup = 94C7B81F241BCCDF0005182F;
			productRefGroup = 94C7B829241BCCDF0005182F /* Products */;
			projectDirPath = "";
			projectRoot = "";
			targets = (
				94C7B827241BCCDF0005182F /* Project_Meteo */,
				94C7B840241BCCE10005182F /* Project_MeteoTests */,
				94C7B84B241BCCE10005182F /* Project_MeteoUITests */,
			);
		};
/* End PBXProject section */

/* Begin PBXResourcesBuildPhase section */
		94C7B826241BCCDF0005182F /* Resources */ = {
			isa = PBXResourcesBuildPhase;
			buildActionMask = 2147483647;
			files = (
				94C7B86B2420F80C0005182F /* facebookLogo.png in Resources */,
				94C7B83B241BCCE10005182F /* LaunchScreen.storyboard in Resources */,
				944DF33F24226D2F00583D0B /* facebookLogo@3x.png in Resources */,
				94C7B86A2420F80C0005182F /* googleLogo.png in Resources */,
				94C7B85F241E6B2D0005182F /* AfterLaunchScreen.storyboard in Resources */,
				944DF333242263B700583D0B /* SignIn.storyboard in Resources */,
				944DF33A242269E900583D0B /* googleLogo@2x.png in Resources */,
				94C7B838241BCCE10005182F /* Assets.xcassets in Resources */,
				94C7B861241E6B4C0005182F /* Login.storyboard in Resources */,
				942ADD152434C7BC00823F10 /* CustomCellTableViewCell.xib in Resources */,
				94C7B833241BCCDF0005182F /* Main.storyboard in Resources */,
				944DF33E24226D2F00583D0B /* googleLogo@3x.png in Resources */,
				944DF33B242269E900583D0B /* facebookLogo@2x.png in Resources */,
			);
			runOnlyForDeploymentPostprocessing = 0;
		};
		94C7B83F241BCCE10005182F /* Resources */ = {
			isa = PBXResourcesBuildPhase;
			buildActionMask = 2147483647;
			files = (
			);
			runOnlyForDeploymentPostprocessing = 0;
		};
		94C7B84A241BCCE10005182F /* Resources */ = {
			isa = PBXResourcesBuildPhase;
			buildActionMask = 2147483647;
			files = (
			);
			runOnlyForDeploymentPostprocessing = 0;
		};
/* End PBXResourcesBuildPhase section */

/* Begin PBXShellScriptBuildPhase section */
		1128A199AD340C717B052E41 /* [CP] Check Pods Manifest.lock */ = {
			isa = PBXShellScriptBuildPhase;
			buildActionMask = 2147483647;
			files = (
			);
			inputFileListPaths = (
			);
			inputPaths = (
				"${PODS_PODFILE_DIR_PATH}/Podfile.lock",
				"${PODS_ROOT}/Manifest.lock",
			);
			name = "[CP] Check Pods Manifest.lock";
			outputFileListPaths = (
			);
			outputPaths = (
				"$(DERIVED_FILE_DIR)/Pods-Project_Meteo-checkManifestLockResult.txt",
			);
			runOnlyForDeploymentPostprocessing = 0;
			shellPath = /bin/sh;
			shellScript = "diff \"${PODS_PODFILE_DIR_PATH}/Podfile.lock\" \"${PODS_ROOT}/Manifest.lock\" > /dev/null\nif [ $? != 0 ] ; then\n    # print error to STDERR\n    echo \"error: The sandbox is not in sync with the Podfile.lock. Run 'pod install' or update your CocoaPods installation.\" >&2\n    exit 1\nfi\n# This output is used by Xcode 'outputs' to avoid re-running this script phase.\necho \"SUCCESS\" > \"${SCRIPT_OUTPUT_FILE_0}\"\n";
			showEnvVarsInLog = 0;
		};
		87AC2FFB736236183D821507 /* [CP] Check Pods Manifest.lock */ = {
			isa = PBXShellScriptBuildPhase;
			buildActionMask = 2147483647;
			files = (
			);
			inputFileListPaths = (
			);
			inputPaths = (
				"${PODS_PODFILE_DIR_PATH}/Podfile.lock",
				"${PODS_ROOT}/Manifest.lock",
			);
			name = "[CP] Check Pods Manifest.lock";
			outputFileListPaths = (
			);
			outputPaths = (
				"$(DERIVED_FILE_DIR)/Pods-Project_Meteo-Project_MeteoUITests-checkManifestLockResult.txt",
			);
			runOnlyForDeploymentPostprocessing = 0;
			shellPath = /bin/sh;
			shellScript = "diff \"${PODS_PODFILE_DIR_PATH}/Podfile.lock\" \"${PODS_ROOT}/Manifest.lock\" > /dev/null\nif [ $? != 0 ] ; then\n    # print error to STDERR\n    echo \"error: The sandbox is not in sync with the Podfile.lock. Run 'pod install' or update your CocoaPods installation.\" >&2\n    exit 1\nfi\n# This output is used by Xcode 'outputs' to avoid re-running this script phase.\necho \"SUCCESS\" > \"${SCRIPT_OUTPUT_FILE_0}\"\n";
			showEnvVarsInLog = 0;
		};
		952AEA86A36490BC37DB1B4F /* [CP] Check Pods Manifest.lock */ = {
			isa = PBXShellScriptBuildPhase;
			buildActionMask = 2147483647;
			files = (
			);
			inputFileListPaths = (
			);
			inputPaths = (
				"${PODS_PODFILE_DIR_PATH}/Podfile.lock",
				"${PODS_ROOT}/Manifest.lock",
			);
			name = "[CP] Check Pods Manifest.lock";
			outputFileListPaths = (
			);
			outputPaths = (
				"$(DERIVED_FILE_DIR)/Pods-Project_MeteoTests-checkManifestLockResult.txt",
			);
			runOnlyForDeploymentPostprocessing = 0;
			shellPath = /bin/sh;
			shellScript = "diff \"${PODS_PODFILE_DIR_PATH}/Podfile.lock\" \"${PODS_ROOT}/Manifest.lock\" > /dev/null\nif [ $? != 0 ] ; then\n    # print error to STDERR\n    echo \"error: The sandbox is not in sync with the Podfile.lock. Run 'pod install' or update your CocoaPods installation.\" >&2\n    exit 1\nfi\n# This output is used by Xcode 'outputs' to avoid re-running this script phase.\necho \"SUCCESS\" > \"${SCRIPT_OUTPUT_FILE_0}\"\n";
			showEnvVarsInLog = 0;
		};
/* End PBXShellScriptBuildPhase section */

/* Begin PBXSourcesBuildPhase section */
		94C7B824241BCCDF0005182F /* Sources */ = {
			isa = PBXSourcesBuildPhase;
			buildActionMask = 2147483647;
			files = (
				94C7B864241E72AC0005182F /* DesignableUITextField.swift in Sources */,
				944DF3D124278A2800583D0B /* DesignableTableView.swift in Sources */,
				944DF3DD2429021700583D0B /* ShoppingViewController.swift in Sources */,
				94C7B8662420EC1A0005182F /* DesignableUIButton.swift in Sources */,
				944DF38A2423A31B00583D0B /* DesignableTabBar.swift in Sources */,
				944DF38E242726B600583D0B /* DesignableSearchBar.swift in Sources */,
				940A8114242A53B600BA61F4 /* collectionViewinTableView.swift in Sources */,
				94C7B830241BCCDF0005182F /* LoginViewController.swift in Sources */,
				944DF38C2424EB4900583D0B /* DesignableNavigationBar.swift in Sources */,
				94C7B82C241BCCDF0005182F /* AppDelegate.swift in Sources */,
				94C7B836241BCCDF0005182F /* Project_Meteo.xcdatamodeld in Sources */,
				944DF3DB2429016700583D0B /* horizontalCell.swift in Sources */,
				944DF3D92429002200583D0B /* scrollViewCell.swift in Sources */,
				94C7B8712420FBFD0005182F /* DesignableUILabel.swift in Sources */,
				942ADD142434C7BC00823F10 /* CustomCellTableViewCell.swift in Sources */,
				940A8112242A526800BA61F4 /* collectionViewCell.swift in Sources */,
				942ADD172434CC6500823F10 /* DesignableUIImageView.swift in Sources */,
				944DF3D32427A75000583D0B /* DesignableTableViewCell.swift in Sources */,
				942ADD0F242E44A300823F10 /* CopyEudinyTableViewController.swift in Sources */,
			);
			runOnlyForDeploymentPostprocessing = 0;
		};
		94C7B83D241BCCE10005182F /* Sources */ = {
			isa = PBXSourcesBuildPhase;
			buildActionMask = 2147483647;
			files = (
				94C7B846241BCCE10005182F /* Project_MeteoTests.swift in Sources */,
			);
			runOnlyForDeploymentPostprocessing = 0;
		};
		94C7B848241BCCE10005182F /* Sources */ = {
			isa = PBXSourcesBuildPhase;
			buildActionMask = 2147483647;
			files = (
				94C7B851241BCCE10005182F /* Project_MeteoUITests.swift in Sources */,
			);
			runOnlyForDeploymentPostprocessing = 0;
		};
/* End PBXSourcesBuildPhase section */

/* Begin PBXTargetDependency section */
		94C7B843241BCCE10005182F /* PBXTargetDependency */ = {
			isa = PBXTargetDependency;
			target = 94C7B827241BCCDF0005182F /* Project_Meteo */;
			targetProxy = 94C7B842241BCCE10005182F /* PBXContainerItemProxy */;
		};
		94C7B84E241BCCE10005182F /* PBXTargetDependency */ = {
			isa = PBXTargetDependency;
			target = 94C7B827241BCCDF0005182F /* Project_Meteo */;
			targetProxy = 94C7B84D241BCCE10005182F /* PBXContainerItemProxy */;
		};
/* End PBXTargetDependency section */

/* Begin PBXVariantGroup section */
		94C7B831241BCCDF0005182F /* Main.storyboard */ = {
			isa = PBXVariantGroup;
			children = (
				94C7B832241BCCDF0005182F /* Base */,
			);
			name = Main.storyboard;
			sourceTree = "<group>";
		};
		94C7B839241BCCE10005182F /* LaunchScreen.storyboard */ = {
			isa = PBXVariantGroup;
			children = (
				94C7B83A241BCCE10005182F /* Base */,
			);
			name = LaunchScreen.storyboard;
			sourceTree = "<group>";
		};
/* End PBXVariantGroup section */

/* Begin XCBuildConfiguration section */
		94C7B853241BCCE10005182F /* Debug */ = {
			isa = XCBuildConfiguration;
			buildSettings = {
				ALWAYS_SEARCH_USER_PATHS = NO;
				CLANG_ANALYZER_NONNULL = YES;
				CLANG_ANALYZER_NUMBER_OBJECT_CONVERSION = YES_AGGRESSIVE;
				CLANG_CXX_LANGUAGE_STANDARD = "gnu++14";
				CLANG_CXX_LIBRARY = "libc++";
				CLANG_ENABLE_MODULES = YES;
				CLANG_ENABLE_OBJC_ARC = YES;
				CLANG_ENABLE_OBJC_WEAK = YES;
				CLANG_WARN_BLOCK_CAPTURE_AUTORELEASING = YES;
				CLANG_WARN_BOOL_CONVERSION = YES;
				CLANG_WARN_COMMA = YES;
				CLANG_WARN_CONSTANT_CONVERSION = YES;
				CLANG_WARN_DEPRECATED_OBJC_IMPLEMENTATIONS = YES;
				CLANG_WARN_DIRECT_OBJC_ISA_USAGE = YES_ERROR;
				CLANG_WARN_DOCUMENTATION_COMMENTS = YES;
				CLANG_WARN_EMPTY_BODY = YES;
				CLANG_WARN_ENUM_CONVERSION = YES;
				CLANG_WARN_INFINITE_RECURSION = YES;
				CLANG_WARN_INT_CONVERSION = YES;
				CLANG_WARN_NON_LITERAL_NULL_CONVERSION = YES;
				CLANG_WARN_OBJC_IMPLICIT_RETAIN_SELF = YES;
				CLANG_WARN_OBJC_LITERAL_CONVERSION = YES;
				CLANG_WARN_OBJC_ROOT_CLASS = YES_ERROR;
				CLANG_WARN_RANGE_LOOP_ANALYSIS = YES;
				CLANG_WARN_STRICT_PROTOTYPES = YES;
				CLANG_WARN_SUSPICIOUS_MOVE = YES;
				CLANG_WARN_UNGUARDED_AVAILABILITY = YES_AGGRESSIVE;
				CLANG_WARN_UNREACHABLE_CODE = YES;
				CLANG_WARN__DUPLICATE_METHOD_MATCH = YES;
				COPY_PHASE_STRIP = NO;
				DEBUG_INFORMATION_FORMAT = dwarf;
				ENABLE_STRICT_OBJC_MSGSEND = YES;
				ENABLE_TESTABILITY = YES;
				GCC_C_LANGUAGE_STANDARD = gnu11;
				GCC_DYNAMIC_NO_PIC = NO;
				GCC_NO_COMMON_BLOCKS = YES;
				GCC_OPTIMIZATION_LEVEL = 0;
				GCC_PREPROCESSOR_DEFINITIONS = (
					"DEBUG=1",
					"$(inherited)",
				);
				GCC_WARN_64_TO_32_BIT_CONVERSION = YES;
				GCC_WARN_ABOUT_RETURN_TYPE = YES_ERROR;
				GCC_WARN_UNDECLARED_SELECTOR = YES;
				GCC_WARN_UNINITIALIZED_AUTOS = YES_AGGRESSIVE;
				GCC_WARN_UNUSED_FUNCTION = YES;
				GCC_WARN_UNUSED_VARIABLE = YES;
				IPHONEOS_DEPLOYMENT_TARGET = 13.2;
				MTL_ENABLE_DEBUG_INFO = INCLUDE_SOURCE;
				MTL_FAST_MATH = YES;
				ONLY_ACTIVE_ARCH = YES;
				SDKROOT = iphoneos;
				SWIFT_ACTIVE_COMPILATION_CONDITIONS = DEBUG;
				SWIFT_OPTIMIZATION_LEVEL = "-Onone";
			};
			name = Debug;
		};
		94C7B854241BCCE10005182F /* Release */ = {
			isa = XCBuildConfiguration;
			buildSettings = {
				ALWAYS_SEARCH_USER_PATHS = NO;
				CLANG_ANALYZER_NONNULL = YES;
				CLANG_ANALYZER_NUMBER_OBJECT_CONVERSION = YES_AGGRESSIVE;
				CLANG_CXX_LANGUAGE_STANDARD = "gnu++14";
				CLANG_CXX_LIBRARY = "libc++";
				CLANG_ENABLE_MODULES = YES;
				CLANG_ENABLE_OBJC_ARC = YES;
				CLANG_ENABLE_OBJC_WEAK = YES;
				CLANG_WARN_BLOCK_CAPTURE_AUTORELEASING = YES;
				CLANG_WARN_BOOL_CONVERSION = YES;
				CLANG_WARN_COMMA = YES;
				CLANG_WARN_CONSTANT_CONVERSION = YES;
				CLANG_WARN_DEPRECATED_OBJC_IMPLEMENTATIONS = YES;
				CLANG_WARN_DIRECT_OBJC_ISA_USAGE = YES_ERROR;
				CLANG_WARN_DOCUMENTATION_COMMENTS = YES;
				CLANG_WARN_EMPTY_BODY = YES;
				CLANG_WARN_ENUM_CONVERSION = YES;
				CLANG_WARN_INFINITE_RECURSION = YES;
				CLANG_WARN_INT_CONVERSION = YES;
				CLANG_WARN_NON_LITERAL_NULL_CONVERSION = YES;
				CLANG_WARN_OBJC_IMPLICIT_RETAIN_SELF = YES;
				CLANG_WARN_OBJC_LITERAL_CONVERSION = YES;
				CLANG_WARN_OBJC_ROOT_CLASS = YES_ERROR;
				CLANG_WARN_RANGE_LOOP_ANALYSIS = YES;
				CLANG_WARN_STRICT_PROTOTYPES = YES;
				CLANG_WARN_SUSPICIOUS_MOVE = YES;
				CLANG_WARN_UNGUARDED_AVAILABILITY = YES_AGGRESSIVE;
				CLANG_WARN_UNREACHABLE_CODE = YES;
				CLANG_WARN__DUPLICATE_METHOD_MATCH = YES;
				COPY_PHASE_STRIP = NO;
				DEBUG_INFORMATION_FORMAT = "dwarf-with-dsym";
				ENABLE_NS_ASSERTIONS = NO;
				ENABLE_STRICT_OBJC_MSGSEND = YES;
				GCC_C_LANGUAGE_STANDARD = gnu11;
				GCC_NO_COMMON_BLOCKS = YES;
				GCC_WARN_64_TO_32_BIT_CONVERSION = YES;
				GCC_WARN_ABOUT_RETURN_TYPE = YES_ERROR;
				GCC_WARN_UNDECLARED_SELECTOR = YES;
				GCC_WARN_UNINITIALIZED_AUTOS = YES_AGGRESSIVE;
				GCC_WARN_UNUSED_FUNCTION = YES;
				GCC_WARN_UNUSED_VARIABLE = YES;
				IPHONEOS_DEPLOYMENT_TARGET = 13.2;
				MTL_ENABLE_DEBUG_INFO = NO;
				MTL_FAST_MATH = YES;
				SDKROOT = iphoneos;
				SWIFT_COMPILATION_MODE = wholemodule;
				SWIFT_OPTIMIZATION_LEVEL = "-O";
				VALIDATE_PRODUCT = YES;
			};
			name = Release;
		};
		94C7B856241BCCE10005182F /* Debug */ = {
			isa = XCBuildConfiguration;
			baseConfigurationReference = 61E6C514F6A8B1567C20837E /* Pods-Project_Meteo.debug.xcconfig */;
			buildSettings = {
				ASSETCATALOG_COMPILER_APPICON_NAME = AppIcon;
				CODE_SIGN_STYLE = Automatic;
				DEVELOPMENT_TEAM = RTPYYR7K8H;
				INFOPLIST_FILE = Project_Meteo/Info.plist;
				LD_RUNPATH_SEARCH_PATHS = (
					"$(inherited)",
					"@executable_path/Frameworks",
				);
				PRODUCT_BUNDLE_IDENTIFIER = com.jang.Meteo;
				PRODUCT_NAME = "$(TARGET_NAME)";
				SWIFT_VERSION = 5.0;
				TARGETED_DEVICE_FAMILY = "1,2";
			};
			name = Debug;
		};
		94C7B857241BCCE10005182F /* Release */ = {
			isa = XCBuildConfiguration;
			baseConfigurationReference = C3E83E841B257BD23C0224BC /* Pods-Project_Meteo.release.xcconfig */;
			buildSettings = {
				ASSETCATALOG_COMPILER_APPICON_NAME = AppIcon;
				CODE_SIGN_STYLE = Automatic;
				DEVELOPMENT_TEAM = RTPYYR7K8H;
				INFOPLIST_FILE = Project_Meteo/Info.plist;
				LD_RUNPATH_SEARCH_PATHS = (
					"$(inherited)",
					"@executable_path/Frameworks",
				);
				PRODUCT_BUNDLE_IDENTIFIER = com.jang.Meteo;
				PRODUCT_NAME = "$(TARGET_NAME)";
				SWIFT_VERSION = 5.0;
				TARGETED_DEVICE_FAMILY = "1,2";
			};
			name = Release;
		};
		94C7B859241BCCE10005182F /* Debug */ = {
			isa = XCBuildConfiguration;
			baseConfigurationReference = 504E09BC648278EB3216F24C /* Pods-Project_MeteoTests.debug.xcconfig */;
			buildSettings = {
				ALWAYS_EMBED_SWIFT_STANDARD_LIBRARIES = YES;
				BUNDLE_LOADER = "$(TEST_HOST)";
				CODE_SIGN_STYLE = Automatic;
				DEVELOPMENT_TEAM = RTPYYR7K8H;
				INFOPLIST_FILE = Project_MeteoTests/Info.plist;
				IPHONEOS_DEPLOYMENT_TARGET = 13.2;
				LD_RUNPATH_SEARCH_PATHS = (
					"$(inherited)",
					"@executable_path/Frameworks",
					"@loader_path/Frameworks",
				);
				PRODUCT_BUNDLE_IDENTIFIER = "com.jang.Project-MeteoTests";
				PRODUCT_NAME = "$(TARGET_NAME)";
				SWIFT_VERSION = 5.0;
				TARGETED_DEVICE_FAMILY = "1,2";
				TEST_HOST = "$(BUILT_PRODUCTS_DIR)/Project_Meteo.app/Project_Meteo";
			};
			name = Debug;
		};
		94C7B85A241BCCE10005182F /* Release */ = {
			isa = XCBuildConfiguration;
			baseConfigurationReference = 76FC56F920743BABE2CE9F85 /* Pods-Project_MeteoTests.release.xcconfig */;
			buildSettings = {
				ALWAYS_EMBED_SWIFT_STANDARD_LIBRARIES = YES;
				BUNDLE_LOADER = "$(TEST_HOST)";
				CODE_SIGN_STYLE = Automatic;
				DEVELOPMENT_TEAM = RTPYYR7K8H;
				INFOPLIST_FILE = Project_MeteoTests/Info.plist;
				IPHONEOS_DEPLOYMENT_TARGET = 13.2;
				LD_RUNPATH_SEARCH_PATHS = (
					"$(inherited)",
					"@executable_path/Frameworks",
					"@loader_path/Frameworks",
				);
				PRODUCT_BUNDLE_IDENTIFIER = "com.jang.Project-MeteoTests";
				PRODUCT_NAME = "$(TARGET_NAME)";
				SWIFT_VERSION = 5.0;
				TARGETED_DEVICE_FAMILY = "1,2";
				TEST_HOST = "$(BUILT_PRODUCTS_DIR)/Project_Meteo.app/Project_Meteo";
			};
			name = Release;
		};
		94C7B85C241BCCE10005182F /* Debug */ = {
			isa = XCBuildConfiguration;
			baseConfigurationReference = 3D56FA88EA55D79415A56F58 /* Pods-Project_Meteo-Project_MeteoUITests.debug.xcconfig */;
			buildSettings = {
				ALWAYS_EMBED_SWIFT_STANDARD_LIBRARIES = YES;
				CODE_SIGN_STYLE = Automatic;
				DEVELOPMENT_TEAM = RTPYYR7K8H;
				INFOPLIST_FILE = Project_MeteoUITests/Info.plist;
				LD_RUNPATH_SEARCH_PATHS = (
					"$(inherited)",
					"@executable_path/Frameworks",
					"@loader_path/Frameworks",
				);
				PRODUCT_BUNDLE_IDENTIFIER = "com.jang.Project-MeteoUITests";
				PRODUCT_NAME = "$(TARGET_NAME)";
				SWIFT_VERSION = 5.0;
				TARGETED_DEVICE_FAMILY = "1,2";
				TEST_TARGET_NAME = Project_Meteo;
			};
			name = Debug;
		};
		94C7B85D241BCCE10005182F /* Release */ = {
			isa = XCBuildConfiguration;
			baseConfigurationReference = 7022FF622EF1CF7ABFE5E96D /* Pods-Project_Meteo-Project_MeteoUITests.release.xcconfig */;
			buildSettings = {
				ALWAYS_EMBED_SWIFT_STANDARD_LIBRARIES = YES;
				CODE_SIGN_STYLE = Automatic;
				DEVELOPMENT_TEAM = RTPYYR7K8H;
				INFOPLIST_FILE = Project_MeteoUITests/Info.plist;
				LD_RUNPATH_SEARCH_PATHS = (
					"$(inherited)",
					"@executable_path/Frameworks",
					"@loader_path/Frameworks",
				);
				PRODUCT_BUNDLE_IDENTIFIER = "com.jang.Project-MeteoUITests";
				PRODUCT_NAME = "$(TARGET_NAME)";
				SWIFT_VERSION = 5.0;
				TARGETED_DEVICE_FAMILY = "1,2";
				TEST_TARGET_NAME = Project_Meteo;
			};
			name = Release;
		};
/* End XCBuildConfiguration section */

/* Begin XCConfigurationList section */
		94C7B823241BCCDF0005182F /* Build configuration list for PBXProject "Project_Meteo" */ = {
			isa = XCConfigurationList;
			buildConfigurations = (
				94C7B853241BCCE10005182F /* Debug */,
				94C7B854241BCCE10005182F /* Release */,
			);
			defaultConfigurationIsVisible = 0;
			defaultConfigurationName = Release;
		};
		94C7B855241BCCE10005182F /* Build configuration list for PBXNativeTarget "Project_Meteo" */ = {
			isa = XCConfigurationList;
			buildConfigurations = (
				94C7B856241BCCE10005182F /* Debug */,
				94C7B857241BCCE10005182F /* Release */,
			);
			defaultConfigurationIsVisible = 0;
			defaultConfigurationName = Release;
		};
		94C7B858241BCCE10005182F /* Build configuration list for PBXNativeTarget "Project_MeteoTests" */ = {
			isa = XCConfigurationList;
			buildConfigurations = (
				94C7B859241BCCE10005182F /* Debug */,
				94C7B85A241BCCE10005182F /* Release */,
			);
			defaultConfigurationIsVisible = 0;
			defaultConfigurationName = Release;
		};
		94C7B85B241BCCE10005182F /* Build configuration list for PBXNativeTarget "Project_MeteoUITests" */ = {
			isa = XCConfigurationList;
			buildConfigurations = (
				94C7B85C241BCCE10005182F /* Debug */,
				94C7B85D241BCCE10005182F /* Release */,
			);
			defaultConfigurationIsVisible = 0;
			defaultConfigurationName = Release;
		};
/* End XCConfigurationList section */

/* Begin XCVersionGroup section */
		94C7B834241BCCDF0005182F /* Project_Meteo.xcdatamodeld */ = {
			isa = XCVersionGroup;
			children = (
				94C7B835241BCCDF0005182F /* Project_Meteo.xcdatamodel */,
			);
			currentVersion = 94C7B835241BCCDF0005182F /* Project_Meteo.xcdatamodel */;
			path = Project_Meteo.xcdatamodeld;
			sourceTree = "<group>";
			versionGroupType = wrapper.xcdatamodel;
		};
/* End XCVersionGroup section */
	};
	rootObject = 94C7B820241BCCDF0005182F /* Project object */;
}
